<?xml version="1.0" encoding="utf-8"?>
<Project ToolsVersion="4.0" xmlns="http://schemas.microsoft.com/developer/msbuild/2003">
  <ItemGroup>
    <Filter Include="Source Files">
      <UniqueIdentifier>{4a774324-04d3-4eef-a24d-9d57c044959c}</UniqueIdentifier>
      <Extensions>cpp;c;cxx;rc;def;r;odl;idl;hpj;bat</Extensions>
    </Filter>
    <Filter Include="Header Files">
      <UniqueIdentifier>{53ce8bd5-a433-4638-b6bc-ba0f1c243c46}</UniqueIdentifier>
      <Extensions>h;hpp;hxx;hm;inl</Extensions>
    </Filter>
  </ItemGroup>
  <ItemGroup>
    <None Include="..\src\lua5\im_convert.lua">
      <Filter>Source Files</Filter>
    </None>
    <None Include="..\src\lua5\im_image.lua">
      <Filter>Source Files</Filter>
    </None>
    <None Include="..\src\lua5\imlua.def">
      <Filter>Source Files</Filter>
    </None>
  </ItemGroup>
  <ItemGroup>
    <ClCompile Include="..\src\lua5\imlua.c">
      <Filter>Source Files</Filter>
    </ClCompile>
    <ClCompile Include="..\src\lua5\imlua_aux.c">
      <Filter>Source Files</Filter>
    </ClCompile>
    <ClCompile Include="..\src\lua5\imlua_convert.c">
      <Filter>Source Files</Filter>
    </ClCompile>
    <ClCompile Include="..\src\lua5\imlua_file.c">
      <Filter>Source Files</Filter>
    </ClCompile>
    <ClCompile Include="..\src\lua5\imlua_image.c">
      <Filter>Source Files</Filter>
    </ClCompile>
    <ClCompile Include="..\src\lua5\imlua_palette.c">
      <Filter>Source Files</Filter>
    </ClCompile>
    <ClCompile Include="..\src\lua5\imlua_util.c">
      <Filter>Source Files</Filter>
    </ClCompile>
  </ItemGroup>
  <ItemGroup>
    <ClInclude Include="..\include\imlua.h">
      <Filter>Header Files</Filter>
    </ClInclude>
    <ClInclude Include="..\src\lua5\imlua_aux.h">
      <Filter>Header Files</Filter>
    </ClInclude>
    <ClInclude Include="..\src\lua5\imlua_image.h">
      <Filter>Header Files</Filter>
    </ClInclude>
    <ClInclude Include="..\src\lua5\imlua_palette.h">
      <Filter>Header Files</Filter>
    </ClInclude>
  </ItemGroup>
</Project>