<?xml version="1.0" encoding="utf-8"?>
<Project ToolsVersion="4.0" xmlns="http://schemas.microsoft.com/developer/msbuild/2003">
  <ItemGroup>
    <Filter Include="Source Files">
      <UniqueIdentifier>{386d5b83-60e9-45dc-9b21-0714ef464140}</UniqueIdentifier>
      <Extensions>cpp;c;cxx;rc;def;r;odl;idl;hpj;bat</Extensions>
    </Filter>
  </ItemGroup>
  <ItemGroup>
    <None Include="..\src\lua5\im_process.lua">
      <Filter>Source Files</Filter>
    </None>
    <None Include="..\src\lua5\im_processconvert.lua">
      <Filter>Source Files</Filter>
    </None>
    <None Include="..\src\lua5\imlua_process.def">
      <Filter>Source Files</Filter>
    </None>
  </ItemGroup>
  <ItemGroup>
    <ClCompile Include="..\src\lua5\imlua_convert.c">
      <Filter>Source Files</Filter>
    </ClCompile>
    <ClCompile Include="..\src\lua5\imlua_kernel.c">
      <Filter>Source Files</Filter>
    </ClCompile>
    <ClCompile Include="..\src\lua5\imlua_process.c">
      <Filter>Source Files</Filter>
    </ClCompile>
  </ItemGroup>
</Project>